Microsoft Visual Studio Solution File, Format Version 12.00
# Visual Studio 14
VisualStudioVersion = 14.0.24720.0
MinimumVisualStudioVersion = 10.0.40219.1
Project("{8BC9CEB8-8B4A-11D0-8D11-00A0C91BC942}") = "slTone", "slTone.vcxproj", "{81CC84F1-7D4D-BB08-8A87-1A840EB88895}"
EndProject
Global
	GlobalSection(SolutionConfigurationPlatforms) = preSolution
		Debug|Win32 = Debug|Win32
		Debug|x64 = Debug|x64
		Debug64|Win32 = Debug64|Win32
		Debug64|x64 = Debug64|x64
		Release|Win32 = Release|Win32
		Release|x64 = Release|x64
		Release64|Win32 = Release64|Win32
		Release64|x64 = Release64|x64
	EndGlobalSection
	GlobalSection(ProjectConfigurationPlatforms) = postSolution
		{81CC84F1-7D4D-BB08-8A87-1A840EB88895}.Debug|Win32.ActiveCfg = Debug|Win32
		{81CC84F1-7D4D-BB08-8A87-1A840EB88895}.Debug|Win32.Build.0 = Debug|Win32
		{81CC84F1-7D4D-BB08-8A87-1A840EB88895}.Debug|x64.ActiveCfg = Debug|Win32
		{81CC84F1-7D4D-BB08-8A87-1A840EB88895}.Debug64|Win32.ActiveCfg = Debug64|x64
		{81CC84F1-7D4D-BB08-8A87-1A840EB88895}.Debug64|x64.ActiveCfg = Debug64|x64
		{81CC84F1-7D4D-BB08-8A87-1A840EB88895}.Debug64|x64.Build.0 = Debug64|x64
		{81CC84F1-7D4D-BB08-8A87-1A840EB88895}.Release|Win32.ActiveCfg = Release|Win32
		{81CC84F1-7D4D-BB08-8A87-1A840EB88895}.Release|Win32.Build.0 = Release|Win32
		{81CC84F1-7D4D-BB08-8A87-1A840EB88895}.Release|x64.ActiveCfg = Release|Win32
		{81CC84F1-7D4D-BB08-8A87-1A840EB88895}.Release64|Win32.ActiveCfg = Release64|x64
		{81CC84F1-7D4D-BB08-8A87-1A840EB88895}.Release64|x64.ActiveCfg = Release64|x64
		{81CC84F1-7D4D-BB08-8A87-1A840EB88895}.Release64|x64.Build.0 = Release64|x64
	EndGlobalSection
	GlobalSection(SolutionProperties) = preSolution
		HideSolutionNode = FALSE
	EndGlobalSection
EndGlobal
